// !$*UTF8*$!
{
	archiveVersion = 1;
	classes = {
	};
	objectVersion = 50;
	objects = {

/* Begin PBXBuildFile section */
		D53AB8AE2334E9710063636D /* UIProfile.swift in Sources */ = {isa = PBXBuildFile; fileRef = D53AB8AD2334E9710063636D /* UIProfile.swift */; };
		D53AB8B2233541190063636D /* ExtensionsFile.swift in Sources */ = {isa = PBXBuildFile; fileRef = D53AB8B1233541190063636D /* ExtensionsFile.swift */; };
		D53AB8B82335EDAE0063636D /* UILayout.swift in Sources */ = {isa = PBXBuildFile; fileRef = D53AB8B72335EDAE0063636D /* UILayout.swift */; };
		D53AB8BB23369CCD0063636D /* customCollectionView.swift in Sources */ = {isa = PBXBuildFile; fileRef = D53AB8BA23369CCD0063636D /* customCollectionView.swift */; };
		D53AB8BD2336AF530063636D /* extensionVC.swift in Sources */ = {isa = PBXBuildFile; fileRef = D53AB8BC2336AF530063636D /* extensionVC.swift */; };
		D53AB8FB233897E10063636D /* customTableView.swift in Sources */ = {isa = PBXBuildFile; fileRef = D53AB8FA233897E10063636D /* customTableView.swift */; };
		D576AC0A232E0F9B0023DA5B /* AppDelegate.swift in Sources */ = {isa = PBXBuildFile; fileRef = D576AC09232E0F9B0023DA5B /* AppDelegate.swift */; };
		D576AC0C232E0F9B0023DA5B /* ViewController.swift in Sources */ = {isa = PBXBuildFile; fileRef = D576AC0B232E0F9B0023DA5B /* ViewController.swift */; };
		D576AC0F232E0F9B0023DA5B /* Main.storyboard in Resources */ = {isa = PBXBuildFile; fileRef = D576AC0D232E0F9B0023DA5B /* Main.storyboard */; };
		D576AC11232E0F9E0023DA5B /* Assets.xcassets in Resources */ = {isa = PBXBuildFile; fileRef = D576AC10232E0F9E0023DA5B /* Assets.xcassets */; };
		D576AC14232E0F9E0023DA5B /* LaunchScreen.storyboard in Resources */ = {isa = PBXBuildFile; fileRef = D576AC12232E0F9E0023DA5B /* LaunchScreen.storyboard */; };
		D5FBE7B123319A850064F8A5 /* DesignableView.swift in Sources */ = {isa = PBXBuildFile; fileRef = D5FBE7B023319A850064F8A5 /* DesignableView.swift */; };
		D5FBE7B32332910B0064F8A5 /* SignUpViewController.swift in Sources */ = {isa = PBXBuildFile; fileRef = D5FBE7B22332910B0064F8A5 /* SignUpViewController.swift */; };
/* End PBXBuildFile section */

/* Begin PBXFileReference section */
		D53AB8AD2334E9710063636D /* UIProfile.swift */ = {isa = PBXFileReference; lastKnownFileType = sourcecode.swift; path = UIProfile.swift; sourceTree = "<group>"; };
		D53AB8B1233541190063636D /* ExtensionsFile.swift */ = {isa = PBXFileReference; lastKnownFileType = sourcecode.swift; path = ExtensionsFile.swift; sourceTree = "<group>"; };
		D53AB8B72335EDAE0063636D /* UILayout.swift */ = {isa = PBXFileReference; lastKnownFileType = sourcecode.swift; path = UILayout.swift; sourceTree = "<group>"; };
		D53AB8BA23369CCD0063636D /* customCollectionView.swift */ = {isa = PBXFileReference; lastKnownFileType = sourcecode.swift; path = customCollectionView.swift; sourceTree = "<group>"; };
		D53AB8BC2336AF530063636D /* extensionVC.swift */ = {isa = PBXFileReference; lastKnownFileType = sourcecode.swift; path = extensionVC.swift; sourceTree = "<group>"; };
		D53AB8FA233897E10063636D /* customTableView.swift */ = {isa = PBXFileReference; lastKnownFileType = sourcecode.swift; path = customTableView.swift; sourceTree = "<group>"; };
		D576AC06232E0F9B0023DA5B /* streetRice.app */ = {isa = PBXFileReference; explicitFileType = wrapper.application; includeInIndex = 0; path = streetRice.app; sourceTree = BUILT_PRODUCTS_DIR; };
		D576AC09232E0F9B0023DA5B /* AppDelegate.swift */ = {isa = PBXFileReference; lastKnownFileType = sourcecode.swift; path = AppDelegate.swift; sourceTree = "<group>"; };
		D576AC0B232E0F9B0023DA5B /* ViewController.swift */ = {isa = PBXFileReference; lastKnownFileType = sourcecode.swift; path = ViewController.swift; sourceTree = "<group>"; };
		D576AC0E232E0F9B0023DA5B /* Base */ = {isa = PBXFileReference; lastKnownFileType = file.storyboard; name = Base; path = Base.lproj/Main.storyboard; sourceTree = "<group>"; };
		D576AC10232E0F9E0023DA5B /* Assets.xcassets */ = {isa = PBXFileReference; lastKnownFileType = folder.assetcatalog; path = Assets.xcassets; sourceTree = "<group>"; };
		D576AC13232E0F9E0023DA5B /* Base */ = {isa = PBXFileReference; lastKnownFileType = file.storyboard; name = Base; path = Base.lproj/LaunchScreen.storyboard; sourceTree = "<group>"; };
		D576AC15232E0F9E0023DA5B /* Info.plist */ = {isa = PBXFileReference; lastKnownFileType = text.plist.xml; path = Info.plist; sourceTree = "<group>"; };
		D5FBE7B023319A850064F8A5 /* DesignableView.swift */ = {isa = PBXFileReference; lastKnownFileType = sourcecode.swift; path = DesignableView.swift; sourceTree = "<group>"; };
		D5FBE7B22332910B0064F8A5 /* SignUpViewController.swift */ = {isa = PBXFileReference; lastKnownFileType = sourcecode.swift; path = SignUpViewController.swift; sourceTree = "<group>"; };
/* End PBXFileReference section */

/* Begin PBXFrameworksBuildPhase section */
		D576AC03232E0F9B0023DA5B /* Frameworks */ = {
			isa = PBXFrameworksBuildPhase;
			buildActionMask = 2147483647;
			files = (
			);
			runOnlyForDeploymentPostprocessing = 0;
		};
/* End PBXFrameworksBuildPhase section */

/* Begin PBXGroup section */
		D53AB8AF233540AB0063636D /* profileLayout */ = {
			isa = PBXGroup;
			children = (
				D53AB8B923369CB90063636D /* customView */,
				D53AB8B0233540CA0063636D /* userProfile */,
			);
			path = profileLayout;
			sourceTree = "<group>";
		};
		D53AB8B0233540CA0063636D /* userProfile */ = {
			isa = PBXGroup;
			children = (
				D53AB8AD2334E9710063636D /* UIProfile.swift */,
				D53AB8B72335EDAE0063636D /* UILayout.swift */,
			);
			path = userProfile;
			sourceTree = "<group>";
		};
		D53AB8B32335422B0063636D /* models */ = {
			isa = PBXGroup;
			children = (
				D53AB8B1233541190063636D /* ExtensionsFile.swift */,
			);
			path = models;
			sourceTree = "<group>";
		};
		D53AB8B923369CB90063636D /* customView */ = {
			isa = PBXGroup;
			children = (
				D53AB8BC2336AF530063636D /* extensionVC.swift */,
				D53AB8BA23369CCD0063636D /* customCollectionView.swift */,
			);
			path = customView;
			sourceTree = "<group>";
		};
		D576ABFD232E0F9B0023DA5B = {
			isa = PBXGroup;
			children = (
				D53AB8FA233897E10063636D /* customTableView.swift */,
				D576AC08232E0F9B0023DA5B /* streetRice */,
				D576AC07232E0F9B0023DA5B /* Products */,
			);
			sourceTree = "<group>";
		};
		D576AC07232E0F9B0023DA5B /* Products */ = {
			isa = PBXGroup;
			children = (
				D576AC06232E0F9B0023DA5B /* streetRice.app */,
			);
			name = Products;
			sourceTree = "<group>";
		};
		D576AC08232E0F9B0023DA5B /* streetRice */ = {
			isa = PBXGroup;
			children = (
				D576AC09232E0F9B0023DA5B /* AppDelegate.swift */,
				D5FBE7B5233291AF0064F8A5 /* DesignableButtons */,
				D53AB8B32335422B0063636D /* models */,
				D53AB8AF233540AB0063636D /* profileLayout */,
				D5FBE7B4233291950064F8A5 /* Controllers */,
				D576AC0B232E0F9B0023DA5B /* ViewController.swift */,
				D576AC0D232E0F9B0023DA5B /* Main.storyboard */,
				D576AC10232E0F9E0023DA5B /* Assets.xcassets */,
				D576AC12232E0F9E0023DA5B /* LaunchScreen.storyboard */,
				D576AC15232E0F9E0023DA5B /* Info.plist */,
			);
			path = streetRice;
			sourceTree = "<group>";
		};
		D5FBE7B4233291950064F8A5 /* Controllers */ = {
			isa = PBXGroup;
			children = (
				D5FBE7B22332910B0064F8A5 /* SignUpViewController.swift */,
			);
			path = Controllers;
			sourceTree = "<group>";
		};
		D5FBE7B5233291AF0064F8A5 /* DesignableButtons */ = {
			isa = PBXGroup;
			children = (
				D5FBE7B023319A850064F8A5 /* DesignableView.swift */,
			);
			path = DesignableButtons;
			sourceTree = "<group>";
		};
/* End PBXGroup section */

/* Begin PBXNativeTarget section */
		D576AC05232E0F9B0023DA5B /* streetRice */ = {
			isa = PBXNativeTarget;
			buildConfigurationList = D576AC18232E0F9E0023DA5B /* Build configuration list for PBXNativeTarget "streetRice" */;
			buildPhases = (
				D576AC02232E0F9B0023DA5B /* Sources */,
				D576AC03232E0F9B0023DA5B /* Frameworks */,
				D576AC04232E0F9B0023DA5B /* Resources */,
			);
			buildRules = (
			);
			dependencies = (
			);
			name = streetRice;
			productName = streetRice;
			productReference = D576AC06232E0F9B0023DA5B /* streetRice.app */;
			productType = "com.apple.product-type.application";
		};
/* End PBXNativeTarget section */

/* Begin PBXProject section */
		D576ABFE232E0F9B0023DA5B /* Project object */ = {
			isa = PBXProject;
			attributes = {
				LastSwiftUpdateCheck = 1030;
				LastUpgradeCheck = 1030;
				ORGANIZATIONNAME = nes;
				TargetAttributes = {
					D576AC05232E0F9B0023DA5B = {
						CreatedOnToolsVersion = 10.3;
					};
				};
			};
			buildConfigurationList = D576AC01232E0F9B0023DA5B /* Build configuration list for PBXProject "streetRice" */;
			compatibilityVersion = "Xcode 9.3";
			developmentRegion = en;
			hasScannedForEncodings = 0;
			knownRegions = (
				en,
				Base,
			);
			mainGroup = D576ABFD232E0F9B0023DA5B;
			productRefGroup = D576AC07232E0F9B0023DA5B /* Products */;
			projectDirPath = "";
			projectRoot = "";
			targets = (
				D576AC05232E0F9B0023DA5B /* streetRice */,
			);
		};
/* End PBXProject section */

/* Begin PBXResourcesBuildPhase section */
		D576AC04232E0F9B0023DA5B /* Resources */ = {
			isa = PBXResourcesBuildPhase;
			buildActionMask = 2147483647;
			files = (
				D576AC14232E0F9E0023DA5B /* LaunchScreen.storyboard in Resources */,
				D576AC11232E0F9E0023DA5B /* Assets.xcassets in Resources */,
				D576AC0F232E0F9B0023DA5B /* Main.storyboard in Resources */,
			);
			runOnlyForDeploymentPostprocessing = 0;
		};
/* End PBXResourcesBuildPhase section */

/* Begin PBXSourcesBuildPhase section */
		D576AC02232E0F9B0023DA5B /* Sources */ = {
			isa = PBXSourcesBuildPhase;
			buildActionMask = 2147483647;
			files = (
				D53AB8B2233541190063636D /* ExtensionsFile.swift in Sources */,
				D53AB8B82335EDAE0063636D /* UILayout.swift in Sources */,
				D53AB8FB233897E10063636D /* customTableView.swift in Sources */,
				D576AC0C232E0F9B0023DA5B /* ViewController.swift in Sources */,
				D53AB8BD2336AF530063636D /* extensionVC.swift in Sources */,
				D576AC0A232E0F9B0023DA5B /* AppDelegate.swift in Sources */,
				D53AB8AE2334E9710063636D /* UIProfile.swift in Sources */,
				D5FBE7B32332910B0064F8A5 /* SignUpViewController.swift in Sources */,
				D53AB8BB23369CCD0063636D /* customCollectionView.swift in Sources */,
				D5FBE7B123319A850064F8A5 /* DesignableView.swift in Sources */,
			);
			runOnlyForDeploymentPostprocessing = 0;
		};
/* End PBXSourcesBuildPhase section */

/* Begin PBXVariantGroup section */
		D576AC0D232E0F9B0023DA5B /* Main.storyboard */ = {
			isa = PBXVariantGroup;
			children = (
				D576AC0E232E0F9B0023DA5B /* Base */,
			);
			name = Main.storyboard;
			sourceTree = "<group>";
		};
		D576AC12232E0F9E0023DA5B /* LaunchScreen.storyboard */ = {
			isa = PBXVariantGroup;
			children = (
				D576AC13232E0F9E0023DA5B /* Base */,
			);
			name = LaunchScreen.storyboard;
			sourceTree = "<group>";
		};
/* End PBXVariantGroup section */

/* Begin XCBuildConfiguration section */
		D576AC16232E0F9E0023DA5B /* Debug */ = {
			isa = XCBuildConfiguration;
			buildSettings = {
				ALWAYS_SEARCH_USER_PATHS = NO;
				CLANG_ANALYZER_NONNULL = YES;
				CLANG_ANALYZER_NUMBER_OBJECT_CONVERSION = YES_AGGRESSIVE;
				CLANG_CXX_LANGUAGE_STANDARD = "gnu++14";
				CLANG_CXX_LIBRARY = "libc++";
				CLANG_ENABLE_MODULES = YES;
				CLANG_ENABLE_OBJC_ARC = YES;
				CLANG_ENABLE_OBJC_WEAK = YES;
				CLANG_WARN_BLOCK_CAPTURE_AUTORELEASING = YES;
				CLANG_WARN_BOOL_CONVERSION = YES;
				CLANG_WARN_COMMA = YES;
				CLANG_WARN_CONSTANT_CONVERSION = YES;
				CLANG_WARN_DEPRECATED_OBJC_IMPLEMENTATIONS = YES;
				CLANG_WARN_DIRECT_OBJC_ISA_USAGE = YES_ERROR;
				CLANG_WARN_DOCUMENTATION_COMMENTS = YES;
				CLANG_WARN_EMPTY_BODY = YES;
				CLANG_WARN_ENUM_CONVERSION = YES;
				CLANG_WARN_INFINITE_RECURSION = YES;
				CLANG_WARN_INT_CONVERSION = YES;
				CLANG_WARN_NON_LITERAL_NULL_CONVERSION = YES;
				CLANG_WARN_OBJC_IMPLICIT_RETAIN_SELF = YES;
				CLANG_WARN_OBJC_LITERAL_CONVERSION = YES;
				CLANG_WARN_OBJC_ROOT_CLASS = YES_ERROR;
				CLANG_WARN_RANGE_LOOP_ANALYSIS = YES;
				CLANG_WARN_STRICT_PROTOTYPES = YES;
				CLANG_WARN_SUSPICIOUS_MOVE = YES;
				CLANG_WARN_UNGUARDED_AVAILABILITY = YES_AGGRESSIVE;
				CLANG_WARN_UNREACHABLE_CODE = YES;
				CLANG_WARN__DUPLICATE_METHOD_MATCH = YES;
				CODE_SIGN_IDENTITY = "iPhone Developer";
				COPY_PHASE_STRIP = NO;
				DEBUG_INFORMATION_FORMAT = dwarf;
				ENABLE_STRICT_OBJC_MSGSEND = YES;
				ENABLE_TESTABILITY = YES;
				GCC_C_LANGUAGE_STANDARD = gnu11;
				GCC_DYNAMIC_NO_PIC = NO;
				GCC_NO_COMMON_BLOCKS = YES;
				GCC_OPTIMIZATION_LEVEL = 0;
				GCC_PREPROCESSOR_DEFINITIONS = (
					"DEBUG=1",
					"$(inherited)",
				);
				GCC_WARN_64_TO_32_BIT_CONVERSION = YES;
				GCC_WARN_ABOUT_RETURN_TYPE = YES_ERROR;
				GCC_WARN_UNDECLARED_SELECTOR = YES;
				GCC_WARN_UNINITIALIZED_AUTOS = YES_AGGRESSIVE;
				GCC_WARN_UNUSED_FUNCTION = YES;
				GCC_WARN_UNUSED_VARIABLE = YES;
				IPHONEOS_DEPLOYMENT_TARGET = 12.4;
				MTL_ENABLE_DEBUG_INFO = INCLUDE_SOURCE;
				MTL_FAST_MATH = YES;
				ONLY_ACTIVE_ARCH = YES;
				SDKROOT = iphoneos;
				SWIFT_ACTIVE_COMPILATION_CONDITIONS = DEBUG;
				SWIFT_OPTIMIZATION_LEVEL = "-Onone";
			};
			name = Debug;
		};
		D576AC17232E0F9E0023DA5B /* Release */ = {
			isa = XCBuildConfiguration;
			buildSettings = {
				ALWAYS_SEARCH_USER_PATHS = NO;
				CLANG_ANALYZER_NONNULL = YES;
				CLANG_ANALYZER_NUMBER_OBJECT_CONVERSION = YES_AGGRESSIVE;
				CLANG_CXX_LANGUAGE_STANDARD = "gnu++14";
				CLANG_CXX_LIBRARY = "libc++";
				CLANG_ENABLE_MODULES = YES;
				CLANG_ENABLE_OBJC_ARC = YES;
				CLANG_ENABLE_OBJC_WEAK = YES;
				CLANG_WARN_BLOCK_CAPTURE_AUTORELEASING = YES;
				CLANG_WARN_BOOL_CONVERSION = YES;
				CLANG_WARN_COMMA = YES;
				CLANG_WARN_CONSTANT_CONVERSION = YES;
				CLANG_WARN_DEPRECATED_OBJC_IMPLEMENTATIONS = YES;
				CLANG_WARN_DIRECT_OBJC_ISA_USAGE = YES_ERROR;
				CLANG_WARN_DOCUMENTATION_COMMENTS = YES;
				CLANG_WARN_EMPTY_BODY = YES;
				CLANG_WARN_ENUM_CONVERSION = YES;
				CLANG_WARN_INFINITE_RECURSION = YES;
				CLANG_WARN_INT_CONVERSION = YES;
				CLANG_WARN_NON_LITERAL_NULL_CONVERSION = YES;
				CLANG_WARN_OBJC_IMPLICIT_RETAIN_SELF = YES;
				CLANG_WARN_OBJC_LITERAL_CONVERSION = YES;
				CLANG_WARN_OBJC_ROOT_CLASS = YES_ERROR;
				CLANG_WARN_RANGE_LOOP_ANALYSIS = YES;
				CLANG_WARN_STRICT_PROTOTYPES = YES;
				CLANG_WARN_SUSPICIOUS_MOVE = YES;
				CLANG_WARN_UNGUARDED_AVAILABILITY = YES_AGGRESSIVE;
				CLANG_WARN_UNREACHABLE_CODE = YES;
				CLANG_WARN__DUPLICATE_METHOD_MATCH = YES;
				CODE_SIGN_IDENTITY = "iPhone Developer";
				COPY_PHASE_STRIP = NO;
				DEBUG_INFORMATION_FORMAT = "dwarf-with-dsym";
				ENABLE_NS_ASSERTIONS = NO;
				ENABLE_STRICT_OBJC_MSGSEND = YES;
				GCC_C_LANGUAGE_STANDARD = gnu11;
				GCC_NO_COMMON_BLOCKS = YES;
				GCC_WARN_64_TO_32_BIT_CONVERSION = YES;
				GCC_WARN_ABOUT_RETURN_TYPE = YES_ERROR;
				GCC_WARN_UNDECLARED_SELECTOR = YES;
				GCC_WARN_UNINITIALIZED_AUTOS = YES_AGGRESSIVE;
				GCC_WARN_UNUSED_FUNCTION = YES;
				GCC_WARN_UNUSED_VARIABLE = YES;
				IPHONEOS_DEPLOYMENT_TARGET = 12.4;
				MTL_ENABLE_DEBUG_INFO = NO;
				MTL_FAST_MATH = YES;
				SDKROOT = iphoneos;
				SWIFT_COMPILATION_MODE = wholemodule;
				SWIFT_OPTIMIZATION_LEVEL = "-O";
				VALIDATE_PRODUCT = YES;
			};
			name = Release;
		};
		D576AC19232E0F9E0023DA5B /* Debug */ = {
			isa = XCBuildConfiguration;
			buildSettings = {
				ASSETCATALOG_COMPILER_APPICON_NAME = AppIcon;
				CODE_SIGN_STYLE = Automatic;
				DEVELOPMENT_TEAM = 77U98Z8589;
				INFOPLIST_FILE = streetRice/Info.plist;
				LD_RUNPATH_SEARCH_PATHS = (
					"$(inherited)",
					"@executable_path/Frameworks",
				);
				PRODUCT_BUNDLE_IDENTIFIER = com.pogina.streetRice.streetRice;
				PRODUCT_NAME = "$(TARGET_NAME)";
				SWIFT_VERSION = 5.0;
				TARGETED_DEVICE_FAMILY = "1,2";
			};
			name = Debug;
		};
		D576AC1A232E0F9E0023DA5B /* Release */ = {
			isa = XCBuildConfiguration;
			buildSettings = {
				ASSETCATALOG_COMPILER_APPICON_NAME = AppIcon;
				CODE_SIGN_STYLE = Automatic;
				DEVELOPMENT_TEAM = 77U98Z8589;
				INFOPLIST_FILE = streetRice/Info.plist;
				LD_RUNPATH_SEARCH_PATHS = (
					"$(inherited)",
					"@executable_path/Frameworks",
				);
				PRODUCT_BUNDLE_IDENTIFIER = com.pogina.streetRice.streetRice;
				PRODUCT_NAME = "$(TARGET_NAME)";
				SWIFT_VERSION = 5.0;
				TARGETED_DEVICE_FAMILY = "1,2";
			};
			name = Release;
		};
/* End XCBuildConfiguration section */

/* Begin XCConfigurationList section */
		D576AC01232E0F9B0023DA5B /* Build configuration list for PBXProject "streetRice" */ = {
			isa = XCConfigurationList;
			buildConfigurations = (
				D576AC16232E0F9E0023DA5B /* Debug */,
				D576AC17232E0F9E0023DA5B /* Release */,
			);
			defaultConfigurationIsVisible = 0;
			defaultConfigurationName = Release;
		};
		D576AC18232E0F9E0023DA5B /* Build configuration list for PBXNativeTarget "streetRice" */ = {
			isa = XCConfigurationList;
			buildConfigurations = (
				D576AC19232E0F9E0023DA5B /* Debug */,
				D576AC1A232E0F9E0023DA5B /* Release */,
			);
			defaultConfigurationIsVisible = 0;
			defaultConfigurationName = Release;
		};
/* End XCConfigurationList section */
	};
	rootObject = D576ABFE232E0F9B0023DA5B /* Project object */;
}
